// !$*UTF8*$!
{
	archiveVersion = 1;
	classes = {
	};
	objectVersion = 56;
	objects = {

/* Begin PBXBuildFile section */
		8281501629EF615600E6532F /* enterData.swift in Sources */ = {isa = PBXBuildFile; fileRef = 8281501529EF615600E6532F /* enterData.swift */; };
		8281501829EF623900E6532F /* enterDataTest.swift in Sources */ = {isa = PBXBuildFile; fileRef = 8281501729EF623900E6532F /* enterDataTest.swift */; };
		8281501A29EF67B000E6532F /* viewMyHealth.swift in Sources */ = {isa = PBXBuildFile; fileRef = 8281501929EF67B000E6532F /* viewMyHealth.swift */; };
		82D9D5D929EF57D300348140 /* CSE335Homework2App.swift in Sources */ = {isa = PBXBuildFile; fileRef = 82D9D5D829EF57D300348140 /* CSE335Homework2App.swift */; };
		82D9D5DB29EF57D300348140 /* ContentView.swift in Sources */ = {isa = PBXBuildFile; fileRef = 82D9D5DA29EF57D300348140 /* ContentView.swift */; };
		82D9D5DD29EF57D400348140 /* Assets.xcassets in Resources */ = {isa = PBXBuildFile; fileRef = 82D9D5DC29EF57D400348140 /* Assets.xcassets */; };
		82D9D5E029EF57D400348140 /* Preview Assets.xcassets in Resources */ = {isa = PBXBuildFile; fileRef = 82D9D5DF29EF57D400348140 /* Preview Assets.xcassets */; };
		82D9D5EA29EF57D400348140 /* CSE335Homework2Tests.swift in Sources */ = {isa = PBXBuildFile; fileRef = 82D9D5E929EF57D400348140 /* CSE335Homework2Tests.swift */; };
		82D9D5F429EF57D400348140 /* CSE335Homework2UITests.swift in Sources */ = {isa = PBXBuildFile; fileRef = 82D9D5F329EF57D400348140 /* CSE335Homework2UITests.swift */; };
		82D9D5F629EF57D400348140 /* CSE335Homework2UITestsLaunchTests.swift in Sources */ = {isa = PBXBuildFile; fileRef = 82D9D5F529EF57D400348140 /* CSE335Homework2UITestsLaunchTests.swift */; };
		82D9D60629EF5AE800348140 /* tableData.xcdatamodeld in Sources */ = {isa = PBXBuildFile; fileRef = 82D9D60329EF5AE700348140 /* tableData.xcdatamodeld */; };
		82D9D60729EF5AE800348140 /* coreDataController.swift in Sources */ = {isa = PBXBuildFile; fileRef = 82D9D60529EF5AE700348140 /* coreDataController.swift */; };
/* End PBXBuildFile section */

/* Begin PBXContainerItemProxy section */
		82D9D5E629EF57D400348140 /* PBXContainerItemProxy */ = {
			isa = PBXContainerItemProxy;
			containerPortal = 82D9D5CD29EF57D300348140 /* Project object */;
			proxyType = 1;
			remoteGlobalIDString = 82D9D5D429EF57D300348140;
			remoteInfo = CSE335Homework2;
		};
		82D9D5F029EF57D400348140 /* PBXContainerItemProxy */ = {
			isa = PBXContainerItemProxy;
			containerPortal = 82D9D5CD29EF57D300348140 /* Project object */;
			proxyType = 1;
			remoteGlobalIDString = 82D9D5D429EF57D300348140;
			remoteInfo = CSE335Homework2;
		};
/* End PBXContainerItemProxy section */

/* Begin PBXFileReference section */
		8281501529EF615600E6532F /* enterData.swift */ = {isa = PBXFileReference; lastKnownFileType = sourcecode.swift; path = enterData.swift; sourceTree = "<group>"; };
		8281501729EF623900E6532F /* enterDataTest.swift */ = {isa = PBXFileReference; lastKnownFileType = sourcecode.swift; path = enterDataTest.swift; sourceTree = "<group>"; };
		8281501929EF67B000E6532F /* viewMyHealth.swift */ = {isa = PBXFileReference; lastKnownFileType = sourcecode.swift; path = viewMyHealth.swift; sourceTree = "<group>"; };
		82D9D5D529EF57D300348140 /* CSE335Homework2.app */ = {isa = PBXFileReference; explicitFileType = wrapper.application; includeInIndex = 0; path = CSE335Homework2.app; sourceTree = BUILT_PRODUCTS_DIR; };
		82D9D5D829EF57D300348140 /* CSE335Homework2App.swift */ = {isa = PBXFileReference; lastKnownFileType = sourcecode.swift; path = CSE335Homework2App.swift; sourceTree = "<group>"; };
		82D9D5DA29EF57D300348140 /* ContentView.swift */ = {isa = PBXFileReference; lastKnownFileType = sourcecode.swift; path = ContentView.swift; sourceTree = "<group>"; };
		82D9D5DC29EF57D400348140 /* Assets.xcassets */ = {isa = PBXFileReference; lastKnownFileType = folder.assetcatalog; path = Assets.xcassets; sourceTree = "<group>"; };
		82D9D5DF29EF57D400348140 /* Preview Assets.xcassets */ = {isa = PBXFileReference; lastKnownFileType = folder.assetcatalog; path = "Preview Assets.xcassets"; sourceTree = "<group>"; };
		82D9D5E529EF57D400348140 /* CSE335Homework2Tests.xctest */ = {isa = PBXFileReference; explicitFileType = wrapper.cfbundle; includeInIndex = 0; path = CSE335Homework2Tests.xctest; sourceTree = BUILT_PRODUCTS_DIR; };
		82D9D5E929EF57D400348140 /* CSE335Homework2Tests.swift */ = {isa = PBXFileReference; lastKnownFileType = sourcecode.swift; path = CSE335Homework2Tests.swift; sourceTree = "<group>"; };
		82D9D5EF29EF57D400348140 /* CSE335Homework2UITests.xctest */ = {isa = PBXFileReference; explicitFileType = wrapper.cfbundle; includeInIndex = 0; path = CSE335Homework2UITests.xctest; sourceTree = BUILT_PRODUCTS_DIR; };
		82D9D5F329EF57D400348140 /* CSE335Homework2UITests.swift */ = {isa = PBXFileReference; lastKnownFileType = sourcecode.swift; path = CSE335Homework2UITests.swift; sourceTree = "<group>"; };
		82D9D5F529EF57D400348140 /* CSE335Homework2UITestsLaunchTests.swift */ = {isa = PBXFileReference; lastKnownFileType = sourcecode.swift; path = CSE335Homework2UITestsLaunchTests.swift; sourceTree = "<group>"; };
		82D9D60429EF5AE700348140 /* tableData.xcdatamodel */ = {isa = PBXFileReference; lastKnownFileType = wrapper.xcdatamodel; path = tableData.xcdatamodel; sourceTree = "<group>"; };
		82D9D60529EF5AE700348140 /* coreDataController.swift */ = {isa = PBXFileReference; fileEncoding = 4; lastKnownFileType = sourcecode.swift; path = coreDataController.swift; sourceTree = "<group>"; };
/* End PBXFileReference section */

/* Begin PBXFrameworksBuildPhase section */
		82D9D5D229EF57D300348140 /* Frameworks */ = {
			isa = PBXFrameworksBuildPhase;
			buildActionMask = 2147483647;
			files = (
			);
			runOnlyForDeploymentPostprocessing = 0;
		};
		82D9D5E229EF57D400348140 /* Frameworks */ = {
			isa = PBXFrameworksBuildPhase;
			buildActionMask = 2147483647;
			files = (
			);
			runOnlyForDeploymentPostprocessing = 0;
		};
		82D9D5EC29EF57D400348140 /* Frameworks */ = {
			isa = PBXFrameworksBuildPhase;
			buildActionMask = 2147483647;
			files = (
			);
			runOnlyForDeploymentPostprocessing = 0;
		};
/* End PBXFrameworksBuildPhase section */

/* Begin PBXGroup section */
		82D9D5CC29EF57D300348140 = {
			isa = PBXGroup;
			children = (
				82D9D5D729EF57D300348140 /* CSE335Homework2 */,
				82D9D5E829EF57D400348140 /* CSE335Homework2Tests */,
				82D9D5F229EF57D400348140 /* CSE335Homework2UITests */,
				82D9D5D629EF57D300348140 /* Products */,
			);
			sourceTree = "<group>";
		};
		82D9D5D629EF57D300348140 /* Products */ = {
			isa = PBXGroup;
			children = (
				82D9D5D529EF57D300348140 /* CSE335Homework2.app */,
				82D9D5E529EF57D400348140 /* CSE335Homework2Tests.xctest */,
				82D9D5EF29EF57D400348140 /* CSE335Homework2UITests.xctest */,
			);
			name = Products;
			sourceTree = "<group>";
		};
		82D9D5D729EF57D300348140 /* CSE335Homework2 */ = {
			isa = PBXGroup;
			children = (
				82D9D60229EF5AD000348140 /* CoreData */,
				82D9D5D829EF57D300348140 /* CSE335Homework2App.swift */,
				82D9D5DA29EF57D300348140 /* ContentView.swift */,
				8281501529EF615600E6532F /* enterData.swift */,
				8281501729EF623900E6532F /* enterDataTest.swift */,
				8281501929EF67B000E6532F /* viewMyHealth.swift */,
				82D9D5DC29EF57D400348140 /* Assets.xcassets */,
				82D9D5DE29EF57D400348140 /* Preview Content */,
			);
			path = CSE335Homework2;
			sourceTree = "<group>";
		};
		82D9D5DE29EF57D400348140 /* Preview Content */ = {
			isa = PBXGroup;
			children = (
				82D9D5DF29EF57D400348140 /* Preview Assets.xcassets */,
			);
			path = "Preview Content";
			sourceTree = "<group>";
		};
		82D9D5E829EF57D400348140 /* CSE335Homework2Tests */ = {
			isa = PBXGroup;
			children = (
				82D9D5E929EF57D400348140 /* CSE335Homework2Tests.swift */,
			);
			path = CSE335Homework2Tests;
			sourceTree = "<group>";
		};
		82D9D5F229EF57D400348140 /* CSE335Homework2UITests */ = {
			isa = PBXGroup;
			children = (
				82D9D5F329EF57D400348140 /* CSE335Homework2UITests.swift */,
				82D9D5F529EF57D400348140 /* CSE335Homework2UITestsLaunchTests.swift */,
			);
			path = CSE335Homework2UITests;
			sourceTree = "<group>";
		};
		82D9D60229EF5AD000348140 /* CoreData */ = {
			isa = PBXGroup;
			children = (
				82D9D60529EF5AE700348140 /* coreDataController.swift */,
				82D9D60329EF5AE700348140 /* tableData.xcdatamodeld */,
			);
			path = CoreData;
			sourceTree = "<group>";
		};
/* End PBXGroup section */

/* Begin PBXNativeTarget section */
		82D9D5D429EF57D300348140 /* CSE335Homework2 */ = {
			isa = PBXNativeTarget;
			buildConfigurationList = 82D9D5F929EF57D400348140 /* Build configuration list for PBXNativeTarget "CSE335Homework2" */;
			buildPhases = (
				82D9D5D129EF57D300348140 /* Sources */,
				82D9D5D229EF57D300348140 /* Frameworks */,
				82D9D5D329EF57D300348140 /* Resources */,
			);
			buildRules = (
			);
			dependencies = (
			);
			name = CSE335Homework2;
			productName = CSE335Homework2;
			productReference = 82D9D5D529EF57D300348140 /* CSE335Homework2.app */;
			productType = "com.apple.product-type.application";
		};
		82D9D5E429EF57D400348140 /* CSE335Homework2Tests */ = {
			isa = PBXNativeTarget;
			buildConfigurationList = 82D9D5FC29EF57D400348140 /* Build configuration list for PBXNativeTarget "CSE335Homework2Tests" */;
			buildPhases = (
				82D9D5E129EF57D400348140 /* Sources */,
				82D9D5E229EF57D400348140 /* Frameworks */,
				82D9D5E329EF57D400348140 /* Resources */,
			);
			buildRules = (
			);
			dependencies = (
				82D9D5E729EF57D400348140 /* PBXTargetDependency */,
			);
			name = CSE335Homework2Tests;
			productName = CSE335Homework2Tests;
			productReference = 82D9D5E529EF57D400348140 /* CSE335Homework2Tests.xctest */;
			productType = "com.apple.product-type.bundle.unit-test";
		};
		82D9D5EE29EF57D400348140 /* CSE335Homework2UITests */ = {
			isa = PBXNativeTarget;
			buildConfigurationList = 82D9D5FF29EF57D400348140 /* Build configuration list for PBXNativeTarget "CSE335Homework2UITests" */;
			buildPhases = (
				82D9D5EB29EF57D400348140 /* Sources */,
				82D9D5EC29EF57D400348140 /* Frameworks */,
				82D9D5ED29EF57D400348140 /* Resources */,
			);
			buildRules = (
			);
			dependencies = (
				82D9D5F129EF57D400348140 /* PBXTargetDependency */,
			);
			name = CSE335Homework2UITests;
			productName = CSE335Homework2UITests;
			productReference = 82D9D5EF29EF57D400348140 /* CSE335Homework2UITests.xctest */;
			productType = "com.apple.product-type.bundle.ui-testing";
		};
/* End PBXNativeTarget section */

/* Begin PBXProject section */
		82D9D5CD29EF57D300348140 /* Project object */ = {
			isa = PBXProject;
			attributes = {
				BuildIndependentTargetsInParallel = 1;
				LastSwiftUpdateCheck = 1420;
				LastUpgradeCheck = 1420;
				TargetAttributes = {
					82D9D5D429EF57D300348140 = {
						CreatedOnToolsVersion = 14.2;
					};
					82D9D5E429EF57D400348140 = {
						CreatedOnToolsVersion = 14.2;
						TestTargetID = 82D9D5D429EF57D300348140;
					};
					82D9D5EE29EF57D400348140 = {
						CreatedOnToolsVersion = 14.2;
						TestTargetID = 82D9D5D429EF57D300348140;
					};
				};
			};
			buildConfigurationList = 82D9D5D029EF57D300348140 /* Build configuration list for PBXProject "CSE335Homework2" */;
			compatibilityVersion = "Xcode 14.0";
			developmentRegion = en;
			hasScannedForEncodings = 0;
			knownRegions = (
				en,
				Base,
			);
			mainGroup = 82D9D5CC29EF57D300348140;
			productRefGroup = 82D9D5D629EF57D300348140 /* Products */;
			projectDirPath = "";
			projectRoot = "";
			targets = (
				82D9D5D429EF57D300348140 /* CSE335Homework2 */,
				82D9D5E429EF57D400348140 /* CSE335Homework2Tests */,
				82D9D5EE29EF57D400348140 /* CSE335Homework2UITests */,
			);
		};
/* End PBXProject section */

/* Begin PBXResourcesBuildPhase section */
		82D9D5D329EF57D300348140 /* Resources */ = {
			isa = PBXResourcesBuildPhase;
			buildActionMask = 2147483647;
			files = (
				82D9D5E029EF57D400348140 /* Preview Assets.xcassets in Resources */,
				82D9D5DD29EF57D400348140 /* Assets.xcassets in Resources */,
			);
			runOnlyForDeploymentPostprocessing = 0;
		};
		82D9D5E329EF57D400348140 /* Resources */ = {
			isa = PBXResourcesBuildPhase;
			buildActionMask = 2147483647;
			files = (
			);
			runOnlyForDeploymentPostprocessing = 0;
		};
		82D9D5ED29EF57D400348140 /* Resources */ = {
			isa = PBXResourcesBuildPhase;
			buildActionMask = 2147483647;
			files = (
			);
			runOnlyForDeploymentPostprocessing = 0;
		};
/* End PBXResourcesBuildPhase section */

/* Begin PBXSourcesBuildPhase section */
		82D9D5D129EF57D300348140 /* Sources */ = {
			isa = PBXSourcesBuildPhase;
			buildActionMask = 2147483647;
			files = (
				8281501829EF623900E6532F /* enterDataTest.swift in Sources */,
				82D9D5DB29EF57D300348140 /* ContentView.swift in Sources */,
				8281501A29EF67B000E6532F /* viewMyHealth.swift in Sources */,
				82D9D60629EF5AE800348140 /* tableData.xcdatamodeld in Sources */,
				82D9D60729EF5AE800348140 /* coreDataController.swift in Sources */,
				8281501629EF615600E6532F /* enterData.swift in Sources */,
				82D9D5D929EF57D300348140 /* CSE335Homework2App.swift in Sources */,
			);
			runOnlyForDeploymentPostprocessing = 0;
		};
		82D9D5E129EF57D400348140 /* Sources */ = {
			isa = PBXSourcesBuildPhase;
			buildActionMask = 2147483647;
			files = (
				82D9D5EA29EF57D400348140 /* CSE335Homework2Tests.swift in Sources */,
			);
			runOnlyForDeploymentPostprocessing = 0;
		};
		82D9D5EB29EF57D400348140 /* Sources */ = {
			isa = PBXSourcesBuildPhase;
			buildActionMask = 2147483647;
			files = (
				82D9D5F429EF57D400348140 /* CSE335Homework2UITests.swift in Sources */,
				82D9D5F629EF57D400348140 /* CSE335Homework2UITestsLaunchTests.swift in Sources */,
			);
			runOnlyForDeploymentPostprocessing = 0;
		};
/* End PBXSourcesBuildPhase section */

/* Begin PBXTargetDependency section */
		82D9D5E729EF57D400348140 /* PBXTargetDependency */ = {
			isa = PBXTargetDependency;
			target = 82D9D5D429EF57D300348140 /* CSE335Homework2 */;
			targetProxy = 82D9D5E629EF57D400348140 /* PBXContainerItemProxy */;
		};
		82D9D5F129EF57D400348140 /* PBXTargetDependency */ = {
			isa = PBXTargetDependency;
			target = 82D9D5D429EF57D300348140 /* CSE335Homework2 */;
			targetProxy = 82D9D5F029EF57D400348140 /* PBXContainerItemProxy */;
		};
/* End PBXTargetDependency section */

/* Begin XCBuildConfiguration section */
		82D9D5F729EF57D400348140 /* Debug */ = {
			isa = XCBuildConfiguration;
			buildSettings = {
				ALWAYS_SEARCH_USER_PATHS = NO;
				CLANG_ANALYZER_NONNULL = YES;
				CLANG_ANALYZER_NUMBER_OBJECT_CONVERSION = YES_AGGRESSIVE;
				CLANG_CXX_LANGUAGE_STANDARD = "gnu++20";
				CLANG_ENABLE_MODULES = YES;
				CLANG_ENABLE_OBJC_ARC = YES;
				CLANG_ENABLE_OBJC_WEAK = YES;
				CLANG_WARN_BLOCK_CAPTURE_AUTORELEASING = YES;
				CLANG_WARN_BOOL_CONVERSION = YES;
				CLANG_WARN_COMMA = YES;
				CLANG_WARN_CONSTANT_CONVERSION = YES;
				CLANG_WARN_DEPRECATED_OBJC_IMPLEMENTATIONS = YES;
				CLANG_WARN_DIRECT_OBJC_ISA_USAGE = YES_ERROR;
				CLANG_WARN_DOCUMENTATION_COMMENTS = YES;
				CLANG_WARN_EMPTY_BODY = YES;
				CLANG_WARN_ENUM_CONVERSION = YES;
				CLANG_WARN_INFINITE_RECURSION = YES;
				CLANG_WARN_INT_CONVERSION = YES;
				CLANG_WARN_NON_LITERAL_NULL_CONVERSION = YES;
				CLANG_WARN_OBJC_IMPLICIT_RETAIN_SELF = YES;
				CLANG_WARN_OBJC_LITERAL_CONVERSION = YES;
				CLANG_WARN_OBJC_ROOT_CLASS = YES_ERROR;
				CLANG_WARN_QUOTED_INCLUDE_IN_FRAMEWORK_HEADER = YES;
				CLANG_WARN_RANGE_LOOP_ANALYSIS = YES;
				CLANG_WARN_STRICT_PROTOTYPES = YES;
				CLANG_WARN_SUSPICIOUS_MOVE = YES;
				CLANG_WARN_UNGUARDED_AVAILABILITY = YES_AGGRESSIVE;
				CLANG_WARN_UNREACHABLE_CODE = YES;
				CLANG_WARN__DUPLICATE_METHOD_MATCH = YES;
				COPY_PHASE_STRIP = NO;
				DEBUG_INFORMATION_FORMAT = dwarf;
				ENABLE_STRICT_OBJC_MSGSEND = YES;
				ENABLE_TESTABILITY = YES;
				GCC_C_LANGUAGE_STANDARD = gnu11;
				GCC_DYNAMIC_NO_PIC = NO;
				GCC_NO_COMMON_BLOCKS = YES;
				GCC_OPTIMIZATION_LEVEL = 0;
				GCC_PREPROCESSOR_DEFINITIONS = (
					"DEBUG=1",
					"$(inherited)",
				);
				GCC_WARN_64_TO_32_BIT_CONVERSION = YES;
				GCC_WARN_ABOUT_RETURN_TYPE = YES_ERROR;
				GCC_WARN_UNDECLARED_SELECTOR = YES;
				GCC_WARN_UNINITIALIZED_AUTOS = YES_AGGRESSIVE;
				GCC_WARN_UNUSED_FUNCTION = YES;
				GCC_WARN_UNUSED_VARIABLE = YES;
				IPHONEOS_DEPLOYMENT_TARGET = 16.2;
				MTL_ENABLE_DEBUG_INFO = INCLUDE_SOURCE;
				MTL_FAST_MATH = YES;
				ONLY_ACTIVE_ARCH = YES;
				SDKROOT = iphoneos;
				SWIFT_ACTIVE_COMPILATION_CONDITIONS = DEBUG;
				SWIFT_OPTIMIZATION_LEVEL = "-Onone";
			};
			name = Debug;
		};
		82D9D5F829EF57D400348140 /* Release */ = {
			isa = XCBuildConfiguration;
			buildSettings = {
				ALWAYS_SEARCH_USER_PATHS = NO;
				CLANG_ANALYZER_NONNULL = YES;
				CLANG_ANALYZER_NUMBER_OBJECT_CONVERSION = YES_AGGRESSIVE;
				CLANG_CXX_LANGUAGE_STANDARD = "gnu++20";
				CLANG_ENABLE_MODULES = YES;
				CLANG_ENABLE_OBJC_ARC = YES;
				CLANG_ENABLE_OBJC_WEAK = YES;
				CLANG_WARN_BLOCK_CAPTURE_AUTORELEASING = YES;
				CLANG_WARN_BOOL_CONVERSION = YES;
				CLANG_WARN_COMMA = YES;
				CLANG_WARN_CONSTANT_CONVERSION = YES;
				CLANG_WARN_DEPRECATED_OBJC_IMPLEMENTATIONS = YES;
				CLANG_WARN_DIRECT_OBJC_ISA_USAGE = YES_ERROR;
				CLANG_WARN_DOCUMENTATION_COMMENTS = YES;
				CLANG_WARN_EMPTY_BODY = YES;
				CLANG_WARN_ENUM_CONVERSION = YES;
				CLANG_WARN_INFINITE_RECURSION = YES;
				CLANG_WARN_INT_CONVERSION = YES;
				CLANG_WARN_NON_LITERAL_NULL_CONVERSION = YES;
				CLANG_WARN_OBJC_IMPLICIT_RETAIN_SELF = YES;
				CLANG_WARN_OBJC_LITERAL_CONVERSION = YES;
				CLANG_WARN_OBJC_ROOT_CLASS = YES_ERROR;
				CLANG_WARN_QUOTED_INCLUDE_IN_FRAMEWORK_HEADER = YES;
				CLANG_WARN_RANGE_LOOP_ANALYSIS = YES;
				CLANG_WARN_STRICT_PROTOTYPES = YES;
				CLANG_WARN_SUSPICIOUS_MOVE = YES;
				CLANG_WARN_UNGUARDED_AVAILABILITY = YES_AGGRESSIVE;
				CLANG_WARN_UNREACHABLE_CODE = YES;
				CLANG_WARN__DUPLICATE_METHOD_MATCH = YES;
				COPY_PHASE_STRIP = NO;
				DEBUG_INFORMATION_FORMAT = "dwarf-with-dsym";
				ENABLE_NS_ASSERTIONS = NO;
				ENABLE_STRICT_OBJC_MSGSEND = YES;
				GCC_C_LANGUAGE_STANDARD = gnu11;
				GCC_NO_COMMON_BLOCKS = YES;
				GCC_WARN_64_TO_32_BIT_CONVERSION = YES;
				GCC_WARN_ABOUT_RETURN_TYPE = YES_ERROR;
				GCC_WARN_UNDECLARED_SELECTOR = YES;
				GCC_WARN_UNINITIALIZED_AUTOS = YES_AGGRESSIVE;
				GCC_WARN_UNUSED_FUNCTION = YES;
				GCC_WARN_UNUSED_VARIABLE = YES;
				IPHONEOS_DEPLOYMENT_TARGET = 16.2;
				MTL_ENABLE_DEBUG_INFO = NO;
				MTL_FAST_MATH = YES;
				SDKROOT = iphoneos;
				SWIFT_COMPILATION_MODE = wholemodule;
				SWIFT_OPTIMIZATION_LEVEL = "-O";
				VALIDATE_PRODUCT = YES;
			};
			name = Release;
		};
		82D9D5FA29EF57D400348140 /* Debug */ = {
			isa = XCBuildConfiguration;
			buildSettings = {
				ASSETCATALOG_COMPILER_APPICON_NAME = AppIcon;
				ASSETCATALOG_COMPILER_GLOBAL_ACCENT_COLOR_NAME = AccentColor;
				CODE_SIGN_STYLE = Automatic;
				CURRENT_PROJECT_VERSION = 1;
				DEVELOPMENT_ASSET_PATHS = "\"CSE335Homework2/Preview Content\"";
				ENABLE_PREVIEWS = YES;
				GENERATE_INFOPLIST_FILE = YES;
				INFOPLIST_KEY_UIApplicationSceneManifest_Generation = YES;
				INFOPLIST_KEY_UIApplicationSupportsIndirectInputEvents = YES;
				INFOPLIST_KEY_UILaunchScreen_Generation = YES;
				INFOPLIST_KEY_UISupportedInterfaceOrientations_iPad = "UIInterfaceOrientationPortrait UIInterfaceOrientationPortraitUpsideDown UIInterfaceOrientationLandscapeLeft UIInterfaceOrientationLandscapeRight";
				INFOPLIST_KEY_UISupportedInterfaceOrientations_iPhone = "UIInterfaceOrientationPortrait UIInterfaceOrientationLandscapeLeft UIInterfaceOrientationLandscapeRight";
				LD_RUNPATH_SEARCH_PATHS = (
					"$(inherited)",
					"@executable_path/Frameworks",
				);
				MARKETING_VERSION = 1.0;
				PRODUCT_BUNDLE_IDENTIFIER = "Arjun-Dadhwal-ID-1219733788.CSE335Homework2";
				PRODUCT_NAME = "$(TARGET_NAME)";
				SWIFT_EMIT_LOC_STRINGS = YES;
				SWIFT_VERSION = 5.0;
				TARGETED_DEVICE_FAMILY = "1,2";
			};
			name = Debug;
		};
		82D9D5FB29EF57D400348140 /* Release */ = {
			isa = XCBuildConfiguration;
			buildSettings = {
				ASSETCATALOG_COMPILER_APPICON_NAME = AppIcon;
				ASSETCATALOG_COMPILER_GLOBAL_ACCENT_COLOR_NAME = AccentColor;
				CODE_SIGN_STYLE = Automatic;
				CURRENT_PROJECT_VERSION = 1;
				DEVELOPMENT_ASSET_PATHS = "\"CSE335Homework2/Preview Content\"";
				ENABLE_PREVIEWS = YES;
				GENERATE_INFOPLIST_FILE = YES;
				INFOPLIST_KEY_UIApplicationSceneManifest_Generation = YES;
				INFOPLIST_KEY_UIApplicationSupportsIndirectInputEvents = YES;
				INFOPLIST_KEY_UILaunchScreen_Generation = YES;
				INFOPLIST_KEY_UISupportedInterfaceOrientations_iPad = "UIInterfaceOrientationPortrait UIInterfaceOrientationPortraitUpsideDown UIInterfaceOrientationLandscapeLeft UIInterfaceOrientationLandscapeRight";
				INFOPLIST_KEY_UISupportedInterfaceOrientations_iPhone = "UIInterfaceOrientationPortrait UIInterfaceOrientationLandscapeLeft UIInterfaceOrientationLandscapeRight";
				LD_RUNPATH_SEARCH_PATHS = (
					"$(inherited)",
					"@executable_path/Frameworks",
				);
				MARKETING_VERSION = 1.0;
				PRODUCT_BUNDLE_IDENTIFIER = "Arjun-Dadhwal-ID-1219733788.CSE335Homework2";
				PRODUCT_NAME = "$(TARGET_NAME)";
				SWIFT_EMIT_LOC_STRINGS = YES;
				SWIFT_VERSION = 5.0;
				TARGETED_DEVICE_FAMILY = "1,2";
			};
			name = Release;
		};
		82D9D5FD29EF57D400348140 /* Debug */ = {
			isa = XCBuildConfiguration;
			buildSettings = {
				ALWAYS_EMBED_SWIFT_STANDARD_LIBRARIES = YES;
				BUNDLE_LOADER = "$(TEST_HOST)";
				CODE_SIGN_STYLE = Automatic;
				CURRENT_PROJECT_VERSION = 1;
				GENERATE_INFOPLIST_FILE = YES;
				IPHONEOS_DEPLOYMENT_TARGET = 16.2;
				MARKETING_VERSION = 1.0;
				PRODUCT_BUNDLE_IDENTIFIER = "Arjun-Dadhwal-ID-1219733788.CSE335Homework2Tests";
				PRODUCT_NAME = "$(TARGET_NAME)";
				SWIFT_EMIT_LOC_STRINGS = NO;
				SWIFT_VERSION = 5.0;
				TARGETED_DEVICE_FAMILY = "1,2";
				TEST_HOST = "$(BUILT_PRODUCTS_DIR)/CSE335Homework2.app/$(BUNDLE_EXECUTABLE_FOLDER_PATH)/CSE335Homework2";
			};
			name = Debug;
		};
		82D9D5FE29EF57D400348140 /* Release */ = {
			isa = XCBuildConfiguration;
			buildSettings = {
				ALWAYS_EMBED_SWIFT_STANDARD_LIBRARIES = YES;
				BUNDLE_LOADER = "$(TEST_HOST)";
				CODE_SIGN_STYLE = Automatic;
				CURRENT_PROJECT_VERSION = 1;
				GENERATE_INFOPLIST_FILE = YES;
				IPHONEOS_DEPLOYMENT_TARGET = 16.2;
				MARKETING_VERSION = 1.0;
				PRODUCT_BUNDLE_IDENTIFIER = "Arjun-Dadhwal-ID-1219733788.CSE335Homework2Tests";
				PRODUCT_NAME = "$(TARGET_NAME)";
				SWIFT_EMIT_LOC_STRINGS = NO;
				SWIFT_VERSION = 5.0;
				TARGETED_DEVICE_FAMILY = "1,2";
				TEST_HOST = "$(BUILT_PRODUCTS_DIR)/CSE335Homework2.app/$(BUNDLE_EXECUTABLE_FOLDER_PATH)/CSE335Homework2";
			};
			name = Release;
		};
		82D9D60029EF57D400348140 /* Debug */ = {
			isa = XCBuildConfiguration;
			buildSettings = {
				ALWAYS_EMBED_SWIFT_STANDARD_LIBRARIES = YES;
				CODE_SIGN_STYLE = Automatic;
				CURRENT_PROJECT_VERSION = 1;
				GENERATE_INFOPLIST_FILE = YES;
				MARKETING_VERSION = 1.0;
				PRODUCT_BUNDLE_IDENTIFIER = "Arjun-Dadhwal-ID-1219733788.CSE335Homework2UITests";
				PRODUCT_NAME = "$(TARGET_NAME)";
				SWIFT_EMIT_LOC_STRINGS = NO;
				SWIFT_VERSION = 5.0;
				TARGETED_DEVICE_FAMILY = "1,2";
				TEST_TARGET_NAME = CSE335Homework2;
			};
			name = Debug;
		};
		82D9D60129EF57D400348140 /* Release */ = {
			isa = XCBuildConfiguration;
			buildSettings = {
				ALWAYS_EMBED_SWIFT_STANDARD_LIBRARIES = YES;
				CODE_SIGN_STYLE = Automatic;
				CURRENT_PROJECT_VERSION = 1;
				GENERATE_INFOPLIST_FILE = YES;
				MARKETING_VERSION = 1.0;
				PRODUCT_BUNDLE_IDENTIFIER = "Arjun-Dadhwal-ID-1219733788.CSE335Homework2UITests";
				PRODUCT_NAME = "$(TARGET_NAME)";
				SWIFT_EMIT_LOC_STRINGS = NO;
				SWIFT_VERSION = 5.0;
				TARGETED_DEVICE_FAMILY = "1,2";
				TEST_TARGET_NAME = CSE335Homework2;
			};
			name = Release;
		};
/* End XCBuildConfiguration section */

/* Begin XCConfigurationList section */
		82D9D5D029EF57D300348140 /* Build configuration list for PBXProject "CSE335Homework2" */ = {
			isa = XCConfigurationList;
			buildConfigurations = (
				82D9D5F729EF57D400348140 /* Debug */,
				82D9D5F829EF57D400348140 /* Release */,
			);
			defaultConfigurationIsVisible = 0;
			defaultConfigurationName = Release;
		};
		82D9D5F929EF57D400348140 /* Build configuration list for PBXNativeTarget "CSE335Homework2" */ = {
			isa = XCConfigurationList;
			buildConfigurations = (
				82D9D5FA29EF57D400348140 /* Debug */,
				82D9D5FB29EF57D400348140 /* Release */,
			);
			defaultConfigurationIsVisible = 0;
			defaultConfigurationName = Release;
		};
		82D9D5FC29EF57D400348140 /* Build configuration list for PBXNativeTarget "CSE335Homework2Tests" */ = {
			isa = XCConfigurationList;
			buildConfigurations = (
				82D9D5FD29EF57D400348140 /* Debug */,
				82D9D5FE29EF57D400348140 /* Release */,
			);
			defaultConfigurationIsVisible = 0;
			defaultConfigurationName = Release;
		};
		82D9D5FF29EF57D400348140 /* Build configuration list for PBXNativeTarget "CSE335Homework2UITests" */ = {
			isa = XCConfigurationList;
			buildConfigurations = (
				82D9D60029EF57D400348140 /* Debug */,
				82D9D60129EF57D400348140 /* Release */,
			);
			defaultConfigurationIsVisible = 0;
			defaultConfigurationName = Release;
		};
/* End XCConfigurationList section */

/* Begin XCVersionGroup section */
		82D9D60329EF5AE700348140 /* tableData.xcdatamodeld */ = {
			isa = XCVersionGroup;
			children = (
				82D9D60429EF5AE700348140 /* tableData.xcdatamodel */,
			);
			currentVersion = 82D9D60429EF5AE700348140 /* tableData.xcdatamodel */;
			path = tableData.xcdatamodeld;
			sourceTree = "<group>";
			versionGroupType = wrapper.xcdatamodel;
		};
/* End XCVersionGroup section */
	};
	rootObject = 82D9D5CD29EF57D300348140 /* Project object */;
}
